# Generated by buf. DO NOT EDIT.
version: v1
deps:
  - remote: buf.build
    owner: googleapis
    repository: googleapis
    commit: 62f35d8aed1149c291d606d958a7ce32
    digest: shake256:c5f5c2401cf70b7c9719834954f31000a978397fdfebda861419bb4ab90fa8efae92710fddab0820533908a1e25ed692a8e119432b7b260c895087a4975b32f3
  - remote: buf.build
    owner: viamrobotics
    repository: api
    commit: 864c0e91b6ec409490c4b6115d6b0505
    digest: shake256:293649b7060d134e47d8dc0dc6d7103f7bee33e1a38e03cc5192df90e8fffa83748e27bd3f6383bedbaa7e37218073f58475f4da44b246401f87454fa65ff7e4
